
Microsoft Visual Studio Solution File, Format Version 12.00
# Visual Studio 14
VisualStudioVersion = 14.0.24720.0
MinimumVisualStudioVersion = 10.0.40219.1
Project("{2150E333-8FDC-42A3-9474-1A3956D46DE8}") = "Engine", "Engine", "{C58FB7B9-59E0-4131-BE6F-4DEFAF89FF72}"
EndProject
Project("{2150E333-8FDC-42A3-9474-1A3956D46DE8}") = "Games", "Games", "{D420A07B-F2EF-428B-901F-AD591225DEBC}"
EndProject
Project("{8BC9CEB8-8B4A-11D0-8D11-00A0C91BC942}") = "UE4", "Intermediate\ProjectFiles\UE4.vcxproj", "{1F57DE74-E590-4853-9EB6-E5BA03E41FFB}"
EndProject
Project("{8BC9CEB8-8B4A-11D0-8D11-00A0C91BC942}") = "XiSheng02", "Intermediate\ProjectFiles\XiSheng02.vcxproj", "{7116F8E0-DCAB-4862-9711-149015959CF8}"
EndProject
Global
	GlobalSection(SolutionConfigurationPlatforms) = preSolution
		DebugGame Editor|HTML5 = DebugGame Editor|HTML5
		DebugGame Editor|Win32 = DebugGame Editor|Win32
		DebugGame Editor|Win64 = DebugGame Editor|Win64
		DebugGame|HTML5 = DebugGame|HTML5
		DebugGame|Win32 = DebugGame|Win32
		DebugGame|Win64 = DebugGame|Win64
		Development Editor|HTML5 = Development Editor|HTML5
		Development Editor|Win32 = Development Editor|Win32
		Development Editor|Win64 = Development Editor|Win64
		Development|HTML5 = Development|HTML5
		Development|Win32 = Development|Win32
		Development|Win64 = Development|Win64
		Shipping|HTML5 = Shipping|HTML5
		Shipping|Win32 = Shipping|Win32
		Shipping|Win64 = Shipping|Win64
	EndGlobalSection
	GlobalSection(ProjectConfigurationPlatforms) = postSolution
		{1F57DE74-E590-4853-9EB6-E5BA03E41FFB}.DebugGame Editor|HTML5.ActiveCfg = BuiltWithUnrealBuildTool|Win32
		{1F57DE74-E590-4853-9EB6-E5BA03E41FFB}.DebugGame Editor|HTML5.Build.0 = BuiltWithUnrealBuildTool|Win32
		{1F57DE74-E590-4853-9EB6-E5BA03E41FFB}.DebugGame Editor|Win32.ActiveCfg = BuiltWithUnrealBuildTool|Win32
		{1F57DE74-E590-4853-9EB6-E5BA03E41FFB}.DebugGame Editor|Win32.Build.0 = BuiltWithUnrealBuildTool|Win32
		{1F57DE74-E590-4853-9EB6-E5BA03E41FFB}.DebugGame Editor|Win64.ActiveCfg = BuiltWithUnrealBuildTool|Win32
		{1F57DE74-E590-4853-9EB6-E5BA03E41FFB}.DebugGame Editor|Win64.Build.0 = BuiltWithUnrealBuildTool|Win32
		{1F57DE74-E590-4853-9EB6-E5BA03E41FFB}.DebugGame|HTML5.ActiveCfg = BuiltWithUnrealBuildTool|Win32
		{1F57DE74-E590-4853-9EB6-E5BA03E41FFB}.DebugGame|HTML5.Build.0 = BuiltWithUnrealBuildTool|Win32
		{1F57DE74-E590-4853-9EB6-E5BA03E41FFB}.DebugGame|Win32.ActiveCfg = BuiltWithUnrealBuildTool|Win32
		{1F57DE74-E590-4853-9EB6-E5BA03E41FFB}.DebugGame|Win32.Build.0 = BuiltWithUnrealBuildTool|Win32
		{1F57DE74-E590-4853-9EB6-E5BA03E41FFB}.DebugGame|Win64.ActiveCfg = BuiltWithUnrealBuildTool|Win32
		{1F57DE74-E590-4853-9EB6-E5BA03E41FFB}.DebugGame|Win64.Build.0 = BuiltWithUnrealBuildTool|Win32
		{1F57DE74-E590-4853-9EB6-E5BA03E41FFB}.Development Editor|HTML5.ActiveCfg = BuiltWithUnrealBuildTool|Win32
		{1F57DE74-E590-4853-9EB6-E5BA03E41FFB}.Development Editor|HTML5.Build.0 = BuiltWithUnrealBuildTool|Win32
		{1F57DE74-E590-4853-9EB6-E5BA03E41FFB}.Development Editor|Win32.ActiveCfg = BuiltWithUnrealBuildTool|Win32
		{1F57DE74-E590-4853-9EB6-E5BA03E41FFB}.Development Editor|Win32.Build.0 = BuiltWithUnrealBuildTool|Win32
		{1F57DE74-E590-4853-9EB6-E5BA03E41FFB}.Development Editor|Win64.ActiveCfg = BuiltWithUnrealBuildTool|Win32
		{1F57DE74-E590-4853-9EB6-E5BA03E41FFB}.Development Editor|Win64.Build.0 = BuiltWithUnrealBuildTool|Win32
		{1F57DE74-E590-4853-9EB6-E5BA03E41FFB}.Development|HTML5.ActiveCfg = BuiltWithUnrealBuildTool|Win32
		{1F57DE74-E590-4853-9EB6-E5BA03E41FFB}.Development|HTML5.Build.0 = BuiltWithUnrealBuildTool|Win32
		{1F57DE74-E590-4853-9EB6-E5BA03E41FFB}.Development|Win32.ActiveCfg = BuiltWithUnrealBuildTool|Win32
		{1F57DE74-E590-4853-9EB6-E5BA03E41FFB}.Development|Win32.Build.0 = BuiltWithUnrealBuildTool|Win32
		{1F57DE74-E590-4853-9EB6-E5BA03E41FFB}.Development|Win64.ActiveCfg = BuiltWithUnrealBuildTool|Win32
		{1F57DE74-E590-4853-9EB6-E5BA03E41FFB}.Development|Win64.Build.0 = BuiltWithUnrealBuildTool|Win32
		{1F57DE74-E590-4853-9EB6-E5BA03E41FFB}.Shipping|HTML5.ActiveCfg = BuiltWithUnrealBuildTool|Win32
		{1F57DE74-E590-4853-9EB6-E5BA03E41FFB}.Shipping|HTML5.Build.0 = BuiltWithUnrealBuildTool|Win32
		{1F57DE74-E590-4853-9EB6-E5BA03E41FFB}.Shipping|Win32.ActiveCfg = BuiltWithUnrealBuildTool|Win32
		{1F57DE74-E590-4853-9EB6-E5BA03E41FFB}.Shipping|Win32.Build.0 = BuiltWithUnrealBuildTool|Win32
		{1F57DE74-E590-4853-9EB6-E5BA03E41FFB}.Shipping|Win64.ActiveCfg = BuiltWithUnrealBuildTool|Win32
		{1F57DE74-E590-4853-9EB6-E5BA03E41FFB}.Shipping|Win64.Build.0 = BuiltWithUnrealBuildTool|Win32
		{7116F8E0-DCAB-4862-9711-149015959CF8}.DebugGame Editor|HTML5.ActiveCfg = HTML5_DebugGame_Editor|Win32
		{7116F8E0-DCAB-4862-9711-149015959CF8}.DebugGame Editor|Win32.ActiveCfg = DebugGame_Editor|Win32
		{7116F8E0-DCAB-4862-9711-149015959CF8}.DebugGame Editor|Win64.ActiveCfg = DebugGame_Editor|x64
		{7116F8E0-DCAB-4862-9711-149015959CF8}.DebugGame Editor|Win64.Build.0 = DebugGame_Editor|x64
		{7116F8E0-DCAB-4862-9711-149015959CF8}.DebugGame|HTML5.ActiveCfg = HTML5_DebugGame_Game|Win32
		{7116F8E0-DCAB-4862-9711-149015959CF8}.DebugGame|HTML5.Build.0 = HTML5_DebugGame_Game|Win32
		{7116F8E0-DCAB-4862-9711-149015959CF8}.DebugGame|Win32.ActiveCfg = DebugGame_Game|Win32
		{7116F8E0-DCAB-4862-9711-149015959CF8}.DebugGame|Win32.Build.0 = DebugGame_Game|Win32
		{7116F8E0-DCAB-4862-9711-149015959CF8}.DebugGame|Win64.ActiveCfg = DebugGame_Game|x64
		{7116F8E0-DCAB-4862-9711-149015959CF8}.DebugGame|Win64.Build.0 = DebugGame_Game|x64
		{7116F8E0-DCAB-4862-9711-149015959CF8}.Development Editor|HTML5.ActiveCfg = HTML5_Development_Editor|Win32
		{7116F8E0-DCAB-4862-9711-149015959CF8}.Development Editor|Win32.ActiveCfg = Development_Editor|Win32
		{7116F8E0-DCAB-4862-9711-149015959CF8}.Development Editor|Win64.ActiveCfg = Development_Editor|x64
		{7116F8E0-DCAB-4862-9711-149015959CF8}.Development Editor|Win64.Build.0 = Development_Editor|x64
		{7116F8E0-DCAB-4862-9711-149015959CF8}.Development|HTML5.ActiveCfg = HTML5_Development_Game|Win32
		{7116F8E0-DCAB-4862-9711-149015959CF8}.Development|HTML5.Build.0 = HTML5_Development_Game|Win32
		{7116F8E0-DCAB-4862-9711-149015959CF8}.Development|Win32.ActiveCfg = Development_Game|Win32
		{7116F8E0-DCAB-4862-9711-149015959CF8}.Development|Win32.Build.0 = Development_Game|Win32
		{7116F8E0-DCAB-4862-9711-149015959CF8}.Development|Win64.ActiveCfg = Development_Game|x64
		{7116F8E0-DCAB-4862-9711-149015959CF8}.Development|Win64.Build.0 = Development_Game|x64
		{7116F8E0-DCAB-4862-9711-149015959CF8}.Shipping|HTML5.ActiveCfg = HTML5_Shipping_Game|Win32
		{7116F8E0-DCAB-4862-9711-149015959CF8}.Shipping|HTML5.Build.0 = HTML5_Shipping_Game|Win32
		{7116F8E0-DCAB-4862-9711-149015959CF8}.Shipping|Win32.ActiveCfg = Shipping_Game|Win32
		{7116F8E0-DCAB-4862-9711-149015959CF8}.Shipping|Win32.Build.0 = Shipping_Game|Win32
		{7116F8E0-DCAB-4862-9711-149015959CF8}.Shipping|Win64.ActiveCfg = Shipping_Game|x64
		{7116F8E0-DCAB-4862-9711-149015959CF8}.Shipping|Win64.Build.0 = Shipping_Game|x64
	EndGlobalSection
	GlobalSection(SolutionProperties) = preSolution
		HideSolutionNode = FALSE
	EndGlobalSection
	GlobalSection(NestedProjects) = preSolution
		{1F57DE74-E590-4853-9EB6-E5BA03E41FFB} = {C58FB7B9-59E0-4131-BE6F-4DEFAF89FF72}
		{7116F8E0-DCAB-4862-9711-149015959CF8} = {D420A07B-F2EF-428B-901F-AD591225DEBC}
	EndGlobalSection
EndGlobal
